
Microsoft Visual Studio Solution File, Format Version 12.00
# Visual Studio 16
Project("{FAE04EC0-301F-11D3-BF4B-00C04F79EFBC}") = "Assembly-CSharp", "Assembly-CSharp.csproj", "{9B7E34E5-D43F-D037-19FE-7C3C7E2458ED}"
EndProject
Project("{FAE04EC0-301F-11D3-BF4B-00C04F79EFBC}") = "Assembly-CSharp-Editor", "Assembly-CSharp-Editor.csproj", "{5C9FB3BB-F619-86EA-4246-A4A2B7F1C79D}"
EndProject
Global
	GlobalSection(SolutionConfigurationPlatforms) = preSolution
		Debug|Any CPU = Debug|Any CPU
		Release|Any CPU = Release|Any CPU
	EndGlobalSection
	GlobalSection(ProjectConfigurationPlatforms) = postSolution
		{9B7E34E5-D43F-D037-19FE-7C3C7E2458ED}.Debug|Any CPU.ActiveCfg = Debug|Any CPU
		{9B7E34E5-D43F-D037-19FE-7C3C7E2458ED}.Debug|Any CPU.Build.0 = Debug|Any CPU
		{9B7E34E5-D43F-D037-19FE-7C3C7E2458ED}.Release|Any CPU.ActiveCfg = Release|Any CPU
		{9B7E34E5-D43F-D037-19FE-7C3C7E2458ED}.Release|Any CPU.Build.0 = Release|Any CPU
		{5C9FB3BB-F619-86EA-4246-A4A2B7F1C79D}.Debug|Any CPU.ActiveCfg = Debug|Any CPU
		{5C9FB3BB-F619-86EA-4246-A4A2B7F1C79D}.Debug|Any CPU.Build.0 = Debug|Any CPU
		{5C9FB3BB-F619-86EA-4246-A4A2B7F1C79D}.Release|Any CPU.ActiveCfg = Release|Any CPU
		{5C9FB3BB-F619-86EA-4246-A4A2B7F1C79D}.Release|Any CPU.Build.0 = Release|Any CPU
	EndGlobalSection
	GlobalSection(SolutionProperties) = preSolution
		HideSolutionNode = FALSE
	EndGlobalSection
	GlobalSection(MonoDevelopProperties) = preSolution
		StartupItem = Assembly-CSharp.csproj
	EndGlobalSection
EndGlobal
